// !$*UTF8*$!
{
	archiveVersion = 1;
	classes = {
	};
	objectVersion = 50;
	objects = {

/* Begin PBXBuildFile section */
		35A687D5253DAC26009D4005 /* Content3View.swift in Sources */ = {isa = PBXBuildFile; fileRef = 35A687D4253DAC26009D4005 /* Content3View.swift */; };
		35DDAD5D253C59B200CBA015 /* homework2App.swift in Sources */ = {isa = PBXBuildFile; fileRef = 35DDAD5C253C59B200CBA015 /* homework2App.swift */; };
		35DDAD5F253C59B200CBA015 /* ContentView.swift in Sources */ = {isa = PBXBuildFile; fileRef = 35DDAD5E253C59B200CBA015 /* ContentView.swift */; };
		35DDAD61253C59B400CBA015 /* Assets.xcassets in Resources */ = {isa = PBXBuildFile; fileRef = 35DDAD60253C59B400CBA015 /* Assets.xcassets */; };
		35DDAD64253C59B400CBA015 /* Preview Assets.xcassets in Resources */ = {isa = PBXBuildFile; fileRef = 35DDAD63253C59B400CBA015 /* Preview Assets.xcassets */; };
		35DDAD6D253C95BB00CBA015 /* SwiftUIstoryView.swift in Sources */ = {isa = PBXBuildFile; fileRef = 35DDAD6C253C95BB00CBA015 /* SwiftUIstoryView.swift */; };
		35DDAD70253CB1C400CBA015 /* SwiftUIuseView.swift in Sources */ = {isa = PBXBuildFile; fileRef = 35DDAD6F253CB1C400CBA015 /* SwiftUIuseView.swift */; };
		35DDAD76253CB28200CBA015 /* SwiftUIauthorView.swift in Sources */ = {isa = PBXBuildFile; fileRef = 35DDAD75253CB28200CBA015 /* SwiftUIauthorView.swift */; };
		35DDAD7A253CBDA300CBA015 /* AppView.swift in Sources */ = {isa = PBXBuildFile; fileRef = 35DDAD79253CBDA300CBA015 /* AppView.swift */; };
		35DDAD7D253CBFAC00CBA015 /* Content2View.swift in Sources */ = {isa = PBXBuildFile; fileRef = 35DDAD7C253CBFAC00CBA015 /* Content2View.swift */; };
		35DDAD8D253CD6DA00CBA015 /* Character.swift in Sources */ = {isa = PBXBuildFile; fileRef = 35DDAD8C253CD6DA00CBA015 /* Character.swift */; };
		35DDAD91253CD72D00CBA015 /* Characterrow.swift in Sources */ = {isa = PBXBuildFile; fileRef = 35DDAD90253CD72D00CBA015 /* Characterrow.swift */; };
		35DDAD94253CE10800CBA015 /* Characterlist.swift in Sources */ = {isa = PBXBuildFile; fileRef = 35DDAD93253CE10800CBA015 /* Characterlist.swift */; };
		35F26D78253CFC9B003EF722 /* Characterdetail.swift in Sources */ = {isa = PBXBuildFile; fileRef = 35F26D77253CFC9B003EF722 /* Characterdetail.swift */; };
/* End PBXBuildFile section */

/* Begin PBXFileReference section */
		35A687D4253DAC26009D4005 /* Content3View.swift */ = {isa = PBXFileReference; lastKnownFileType = sourcecode.swift; path = Content3View.swift; sourceTree = "<group>"; };
		35DDAD59253C59B200CBA015 /* homework2.app */ = {isa = PBXFileReference; explicitFileType = wrapper.application; includeInIndex = 0; path = homework2.app; sourceTree = BUILT_PRODUCTS_DIR; };
		35DDAD5C253C59B200CBA015 /* homework2App.swift */ = {isa = PBXFileReference; lastKnownFileType = sourcecode.swift; path = homework2App.swift; sourceTree = "<group>"; };
		35DDAD5E253C59B200CBA015 /* ContentView.swift */ = {isa = PBXFileReference; lastKnownFileType = sourcecode.swift; path = ContentView.swift; sourceTree = "<group>"; };
		35DDAD60253C59B400CBA015 /* Assets.xcassets */ = {isa = PBXFileReference; lastKnownFileType = folder.assetcatalog; path = Assets.xcassets; sourceTree = "<group>"; };
		35DDAD63253C59B400CBA015 /* Preview Assets.xcassets */ = {isa = PBXFileReference; lastKnownFileType = folder.assetcatalog; path = "Preview Assets.xcassets"; sourceTree = "<group>"; };
		35DDAD65253C59B400CBA015 /* Info.plist */ = {isa = PBXFileReference; lastKnownFileType = text.plist.xml; path = Info.plist; sourceTree = "<group>"; };
		35DDAD6C253C95BB00CBA015 /* SwiftUIstoryView.swift */ = {isa = PBXFileReference; lastKnownFileType = sourcecode.swift; path = SwiftUIstoryView.swift; sourceTree = "<group>"; };
		35DDAD6F253CB1C400CBA015 /* SwiftUIuseView.swift */ = {isa = PBXFileReference; lastKnownFileType = sourcecode.swift; path = SwiftUIuseView.swift; sourceTree = "<group>"; };
		35DDAD75253CB28200CBA015 /* SwiftUIauthorView.swift */ = {isa = PBXFileReference; lastKnownFileType = sourcecode.swift; path = SwiftUIauthorView.swift; sourceTree = "<group>"; };
		35DDAD79253CBDA300CBA015 /* AppView.swift */ = {isa = PBXFileReference; lastKnownFileType = sourcecode.swift; path = AppView.swift; sourceTree = "<group>"; };
		35DDAD7C253CBFAC00CBA015 /* Content2View.swift */ = {isa = PBXFileReference; lastKnownFileType = sourcecode.swift; path = Content2View.swift; sourceTree = "<group>"; };
		35DDAD8C253CD6DA00CBA015 /* Character.swift */ = {isa = PBXFileReference; lastKnownFileType = sourcecode.swift; path = Character.swift; sourceTree = "<group>"; };
		35DDAD90253CD72D00CBA015 /* Characterrow.swift */ = {isa = PBXFileReference; lastKnownFileType = sourcecode.swift; path = Characterrow.swift; sourceTree = "<group>"; };
		35DDAD93253CE10800CBA015 /* Characterlist.swift */ = {isa = PBXFileReference; lastKnownFileType = sourcecode.swift; path = Characterlist.swift; sourceTree = "<group>"; };
		35F26D77253CFC9B003EF722 /* Characterdetail.swift */ = {isa = PBXFileReference; lastKnownFileType = sourcecode.swift; path = Characterdetail.swift; sourceTree = "<group>"; };
/* End PBXFileReference section */

/* Begin PBXFrameworksBuildPhase section */
		35DDAD56253C59B200CBA015 /* Frameworks */ = {
			isa = PBXFrameworksBuildPhase;
			buildActionMask = 2147483647;
			files = (
			);
			runOnlyForDeploymentPostprocessing = 0;
		};
/* End PBXFrameworksBuildPhase section */

/* Begin PBXGroup section */
		35DDAD50253C59B200CBA015 = {
			isa = PBXGroup;
			children = (
				35DDAD5B253C59B200CBA015 /* homework2 */,
				35DDAD5A253C59B200CBA015 /* Products */,
			);
			sourceTree = "<group>";
		};
		35DDAD5A253C59B200CBA015 /* Products */ = {
			isa = PBXGroup;
			children = (
				35DDAD59253C59B200CBA015 /* homework2.app */,
			);
			name = Products;
			sourceTree = "<group>";
		};
		35DDAD5B253C59B200CBA015 /* homework2 */ = {
			isa = PBXGroup;
			children = (
				35DDAD5C253C59B200CBA015 /* homework2App.swift */,
				35DDAD79253CBDA300CBA015 /* AppView.swift */,
				35DDAD5E253C59B200CBA015 /* ContentView.swift */,
				35DDAD7C253CBFAC00CBA015 /* Content2View.swift */,
				35A687D4253DAC26009D4005 /* Content3View.swift */,
				35DDAD6C253C95BB00CBA015 /* SwiftUIstoryView.swift */,
				35DDAD6F253CB1C400CBA015 /* SwiftUIuseView.swift */,
				35DDAD75253CB28200CBA015 /* SwiftUIauthorView.swift */,
				35DDAD8C253CD6DA00CBA015 /* Character.swift */,
				35DDAD90253CD72D00CBA015 /* Characterrow.swift */,
				35F26D77253CFC9B003EF722 /* Characterdetail.swift */,
				35DDAD93253CE10800CBA015 /* Characterlist.swift */,
				35DDAD60253C59B400CBA015 /* Assets.xcassets */,
				35DDAD65253C59B400CBA015 /* Info.plist */,
				35DDAD62253C59B400CBA015 /* Preview Content */,
			);
			path = homework2;
			sourceTree = "<group>";
		};
		35DDAD62253C59B400CBA015 /* Preview Content */ = {
			isa = PBXGroup;
			children = (
				35DDAD63253C59B400CBA015 /* Preview Assets.xcassets */,
			);
			path = "Preview Content";
			sourceTree = "<group>";
		};
/* End PBXGroup section */

/* Begin PBXNativeTarget section */
		35DDAD58253C59B200CBA015 /* homework2 */ = {
			isa = PBXNativeTarget;
			buildConfigurationList = 35DDAD68253C59B400CBA015 /* Build configuration list for PBXNativeTarget "homework2" */;
			buildPhases = (
				35DDAD55253C59B200CBA015 /* Sources */,
				35DDAD56253C59B200CBA015 /* Frameworks */,
				35DDAD57253C59B200CBA015 /* Resources */,
			);
			buildRules = (
			);
			dependencies = (
			);
			name = homework2;
			productName = homework2;
			productReference = 35DDAD59253C59B200CBA015 /* homework2.app */;
			productType = "com.apple.product-type.application";
		};
/* End PBXNativeTarget section */

/* Begin PBXProject section */
		35DDAD51253C59B200CBA015 /* Project object */ = {
			isa = PBXProject;
			attributes = {
				LastSwiftUpdateCheck = 1200;
				LastUpgradeCheck = 1200;
				TargetAttributes = {
					35DDAD58253C59B200CBA015 = {
						CreatedOnToolsVersion = 12.0;
					};
				};
			};
			buildConfigurationList = 35DDAD54253C59B200CBA015 /* Build configuration list for PBXProject "homework2" */;
			compatibilityVersion = "Xcode 9.3";
			developmentRegion = en;
			hasScannedForEncodings = 0;
			knownRegions = (
				en,
				Base,
			);
			mainGroup = 35DDAD50253C59B200CBA015;
			productRefGroup = 35DDAD5A253C59B200CBA015 /* Products */;
			projectDirPath = "";
			projectRoot = "";
			targets = (
				35DDAD58253C59B200CBA015 /* homework2 */,
			);
		};
/* End PBXProject section */

/* Begin PBXResourcesBuildPhase section */
		35DDAD57253C59B200CBA015 /* Resources */ = {
			isa = PBXResourcesBuildPhase;
			buildActionMask = 2147483647;
			files = (
				35DDAD64253C59B400CBA015 /* Preview Assets.xcassets in Resources */,
				35DDAD61253C59B400CBA015 /* Assets.xcassets in Resources */,
			);
			runOnlyForDeploymentPostprocessing = 0;
		};
/* End PBXResourcesBuildPhase section */

/* Begin PBXSourcesBuildPhase section */
		35DDAD55253C59B200CBA015 /* Sources */ = {
			isa = PBXSourcesBuildPhase;
			buildActionMask = 2147483647;
			files = (
				35DDAD8D253CD6DA00CBA015 /* Character.swift in Sources */,
				35DDAD76253CB28200CBA015 /* SwiftUIauthorView.swift in Sources */,
				35DDAD5F253C59B200CBA015 /* ContentView.swift in Sources */,
				35DDAD7A253CBDA300CBA015 /* AppView.swift in Sources */,
				35DDAD5D253C59B200CBA015 /* homework2App.swift in Sources */,
				35DDAD94253CE10800CBA015 /* Characterlist.swift in Sources */,
				35DDAD7D253CBFAC00CBA015 /* Content2View.swift in Sources */,
				35F26D78253CFC9B003EF722 /* Characterdetail.swift in Sources */,
				35DDAD70253CB1C400CBA015 /* SwiftUIuseView.swift in Sources */,
				35DDAD91253CD72D00CBA015 /* Characterrow.swift in Sources */,
				35A687D5253DAC26009D4005 /* Content3View.swift in Sources */,
				35DDAD6D253C95BB00CBA015 /* SwiftUIstoryView.swift in Sources */,
			);
			runOnlyForDeploymentPostprocessing = 0;
		};
/* End PBXSourcesBuildPhase section */

/* Begin XCBuildConfiguration section */
		35DDAD66253C59B400CBA015 /* Debug */ = {
			isa = XCBuildConfiguration;
			buildSettings = {
				ALWAYS_SEARCH_USER_PATHS = NO;
				CLANG_ANALYZER_NONNULL = YES;
				CLANG_ANALYZER_NUMBER_OBJECT_CONVERSION = YES_AGGRESSIVE;
				CLANG_CXX_LANGUAGE_STANDARD = "gnu++14";
				CLANG_CXX_LIBRARY = "libc++";
				CLANG_ENABLE_MODULES = YES;
				CLANG_ENABLE_OBJC_ARC = YES;
				CLANG_ENABLE_OBJC_WEAK = YES;
				CLANG_WARN_BLOCK_CAPTURE_AUTORELEASING = YES;
				CLANG_WARN_BOOL_CONVERSION = YES;
				CLANG_WARN_COMMA = YES;
				CLANG_WARN_CONSTANT_CONVERSION = YES;
				CLANG_WARN_DEPRECATED_OBJC_IMPLEMENTATIONS = YES;
				CLANG_WARN_DIRECT_OBJC_ISA_USAGE = YES_ERROR;
				CLANG_WARN_DOCUMENTATION_COMMENTS = YES;
				CLANG_WARN_EMPTY_BODY = YES;
				CLANG_WARN_ENUM_CONVERSION = YES;
				CLANG_WARN_INFINITE_RECURSION = YES;
				CLANG_WARN_INT_CONVERSION = YES;
				CLANG_WARN_NON_LITERAL_NULL_CONVERSION = YES;
				CLANG_WARN_OBJC_IMPLICIT_RETAIN_SELF = YES;
				CLANG_WARN_OBJC_LITERAL_CONVERSION = YES;
				CLANG_WARN_OBJC_ROOT_CLASS = YES_ERROR;
				CLANG_WARN_QUOTED_INCLUDE_IN_FRAMEWORK_HEADER = YES;
				CLANG_WARN_RANGE_LOOP_ANALYSIS = YES;
				CLANG_WARN_STRICT_PROTOTYPES = YES;
				CLANG_WARN_SUSPICIOUS_MOVE = YES;
				CLANG_WARN_UNGUARDED_AVAILABILITY = YES_AGGRESSIVE;
				CLANG_WARN_UNREACHABLE_CODE = YES;
				CLANG_WARN__DUPLICATE_METHOD_MATCH = YES;
				COPY_PHASE_STRIP = NO;
				DEBUG_INFORMATION_FORMAT = dwarf;
				ENABLE_STRICT_OBJC_MSGSEND = YES;
				ENABLE_TESTABILITY = YES;
				GCC_C_LANGUAGE_STANDARD = gnu11;
				GCC_DYNAMIC_NO_PIC = NO;
				GCC_NO_COMMON_BLOCKS = YES;
				GCC_OPTIMIZATION_LEVEL = 0;
				GCC_PREPROCESSOR_DEFINITIONS = (
					"DEBUG=1",
					"$(inherited)",
				);
				GCC_WARN_64_TO_32_BIT_CONVERSION = YES;
				GCC_WARN_ABOUT_RETURN_TYPE = YES_ERROR;
				GCC_WARN_UNDECLARED_SELECTOR = YES;
				GCC_WARN_UNINITIALIZED_AUTOS = YES_AGGRESSIVE;
				GCC_WARN_UNUSED_FUNCTION = YES;
				GCC_WARN_UNUSED_VARIABLE = YES;
				IPHONEOS_DEPLOYMENT_TARGET = 14.0;
				MTL_ENABLE_DEBUG_INFO = INCLUDE_SOURCE;
				MTL_FAST_MATH = YES;
				ONLY_ACTIVE_ARCH = YES;
				SDKROOT = iphoneos;
				SWIFT_ACTIVE_COMPILATION_CONDITIONS = DEBUG;
				SWIFT_OPTIMIZATION_LEVEL = "-Onone";
			};
			name = Debug;
		};
		35DDAD67253C59B400CBA015 /* Release */ = {
			isa = XCBuildConfiguration;
			buildSettings = {
				ALWAYS_SEARCH_USER_PATHS = NO;
				CLANG_ANALYZER_NONNULL = YES;
				CLANG_ANALYZER_NUMBER_OBJECT_CONVERSION = YES_AGGRESSIVE;
				CLANG_CXX_LANGUAGE_STANDARD = "gnu++14";
				CLANG_CXX_LIBRARY = "libc++";
				CLANG_ENABLE_MODULES = YES;
				CLANG_ENABLE_OBJC_ARC = YES;
				CLANG_ENABLE_OBJC_WEAK = YES;
				CLANG_WARN_BLOCK_CAPTURE_AUTORELEASING = YES;
				CLANG_WARN_BOOL_CONVERSION = YES;
				CLANG_WARN_COMMA = YES;
				CLANG_WARN_CONSTANT_CONVERSION = YES;
				CLANG_WARN_DEPRECATED_OBJC_IMPLEMENTATIONS = YES;
				CLANG_WARN_DIRECT_OBJC_ISA_USAGE = YES_ERROR;
				CLANG_WARN_DOCUMENTATION_COMMENTS = YES;
				CLANG_WARN_EMPTY_BODY = YES;
				CLANG_WARN_ENUM_CONVERSION = YES;
				CLANG_WARN_INFINITE_RECURSION = YES;
				CLANG_WARN_INT_CONVERSION = YES;
				CLANG_WARN_NON_LITERAL_NULL_CONVERSION = YES;
				CLANG_WARN_OBJC_IMPLICIT_RETAIN_SELF = YES;
				CLANG_WARN_OBJC_LITERAL_CONVERSION = YES;
				CLANG_WARN_OBJC_ROOT_CLASS = YES_ERROR;
				CLANG_WARN_QUOTED_INCLUDE_IN_FRAMEWORK_HEADER = YES;
				CLANG_WARN_RANGE_LOOP_ANALYSIS = YES;
				CLANG_WARN_STRICT_PROTOTYPES = YES;
				CLANG_WARN_SUSPICIOUS_MOVE = YES;
				CLANG_WARN_UNGUARDED_AVAILABILITY = YES_AGGRESSIVE;
				CLANG_WARN_UNREACHABLE_CODE = YES;
				CLANG_WARN__DUPLICATE_METHOD_MATCH = YES;
				COPY_PHASE_STRIP = NO;
				DEBUG_INFORMATION_FORMAT = "dwarf-with-dsym";
				ENABLE_NS_ASSERTIONS = NO;
				ENABLE_STRICT_OBJC_MSGSEND = YES;
				GCC_C_LANGUAGE_STANDARD = gnu11;
				GCC_NO_COMMON_BLOCKS = YES;
				GCC_WARN_64_TO_32_BIT_CONVERSION = YES;
				GCC_WARN_ABOUT_RETURN_TYPE = YES_ERROR;
				GCC_WARN_UNDECLARED_SELECTOR = YES;
				GCC_WARN_UNINITIALIZED_AUTOS = YES_AGGRESSIVE;
				GCC_WARN_UNUSED_FUNCTION = YES;
				GCC_WARN_UNUSED_VARIABLE = YES;
				IPHONEOS_DEPLOYMENT_TARGET = 14.0;
				MTL_ENABLE_DEBUG_INFO = NO;
				MTL_FAST_MATH = YES;
				SDKROOT = iphoneos;
				SWIFT_COMPILATION_MODE = wholemodule;
				SWIFT_OPTIMIZATION_LEVEL = "-O";
				VALIDATE_PRODUCT = YES;
			};
			name = Release;
		};
		35DDAD69253C59B400CBA015 /* Debug */ = {
			isa = XCBuildConfiguration;
			buildSettings = {
				ASSETCATALOG_COMPILER_APPICON_NAME = AppIcon;
				ASSETCATALOG_COMPILER_GLOBAL_ACCENT_COLOR_NAME = AccentColor;
				CODE_SIGN_STYLE = Automatic;
				DEVELOPMENT_ASSET_PATHS = "\"homework2/Preview Content\"";
				ENABLE_PREVIEWS = YES;
				INFOPLIST_FILE = homework2/Info.plist;
				IPHONEOS_DEPLOYMENT_TARGET = 14.0;
				LD_RUNPATH_SEARCH_PATHS = (
					"$(inherited)",
					"@executable_path/Frameworks",
				);
				PRODUCT_BUNDLE_IDENTIFIER = com.peterandcathie.homework2;
				PRODUCT_NAME = "$(TARGET_NAME)";
				SWIFT_VERSION = 5.0;
				TARGETED_DEVICE_FAMILY = "1,2";
			};
			name = Debug;
		};
		35DDAD6A253C59B400CBA015 /* Release */ = {
			isa = XCBuildConfiguration;
			buildSettings = {
				ASSETCATALOG_COMPILER_APPICON_NAME = AppIcon;
				ASSETCATALOG_COMPILER_GLOBAL_ACCENT_COLOR_NAME = AccentColor;
				CODE_SIGN_STYLE = Automatic;
				DEVELOPMENT_ASSET_PATHS = "\"homework2/Preview Content\"";
				ENABLE_PREVIEWS = YES;
				INFOPLIST_FILE = homework2/Info.plist;
				IPHONEOS_DEPLOYMENT_TARGET = 14.0;
				LD_RUNPATH_SEARCH_PATHS = (
					"$(inherited)",
					"@executable_path/Frameworks",
				);
				PRODUCT_BUNDLE_IDENTIFIER = com.peterandcathie.homework2;
				PRODUCT_NAME = "$(TARGET_NAME)";
				SWIFT_VERSION = 5.0;
				TARGETED_DEVICE_FAMILY = "1,2";
			};
			name = Release;
		};
/* End XCBuildConfiguration section */

/* Begin XCConfigurationList section */
		35DDAD54253C59B200CBA015 /* Build configuration list for PBXProject "homework2" */ = {
			isa = XCConfigurationList;
			buildConfigurations = (
				35DDAD66253C59B400CBA015 /* Debug */,
				35DDAD67253C59B400CBA015 /* Release */,
			);
			defaultConfigurationIsVisible = 0;
			defaultConfigurationName = Release;
		};
		35DDAD68253C59B400CBA015 /* Build configuration list for PBXNativeTarget "homework2" */ = {
			isa = XCConfigurationList;
			buildConfigurations = (
				35DDAD69253C59B400CBA015 /* Debug */,
				35DDAD6A253C59B400CBA015 /* Release */,
			);
			defaultConfigurationIsVisible = 0;
			defaultConfigurationName = Release;
		};
/* End XCConfigurationList section */
	};
	rootObject = 35DDAD51253C59B200CBA015 /* Project object */;
}
